
Microsoft Visual Studio Solution File, Format Version 12.00
# Visual Studio Version 17
VisualStudioVersion = 17.7.34221.43
MinimumVisualStudioVersion = 10.0.40219.1
Project("{FAE04EC0-301F-11D3-BF4B-00C04F79EFBC}") = "BlogManagement", "BlogManagement\BlogManagement.csproj", "{E278CA62-3FED-41B6-A469-CB8D9E4C6472}"
EndProject
Global
	GlobalSection(SolutionConfigurationPlatforms) = preSolution
		Debug|Any CPU = Debug|Any CPU
		Release|Any CPU = Release|Any CPU
	EndGlobalSection
	GlobalSection(ProjectConfigurationPlatforms) = postSolution
		{E278CA62-3FED-41B6-A469-CB8D9E4C6472}.Debug|Any CPU.ActiveCfg = Debug|Any CPU
		{E278CA62-3FED-41B6-A469-CB8D9E4C6472}.Debug|Any CPU.Build.0 = Debug|Any CPU
		{E278CA62-3FED-41B6-A469-CB8D9E4C6472}.Release|Any CPU.ActiveCfg = Release|Any CPU
		{E278CA62-3FED-41B6-A469-CB8D9E4C6472}.Release|Any CPU.Build.0 = Release|Any CPU
	EndGlobalSection
	GlobalSection(SolutionProperties) = preSolution
		HideSolutionNode = FALSE
	EndGlobalSection
	GlobalSection(ExtensibilityGlobals) = postSolution
		SolutionGuid = {C441FE40-21F0-47B1-9F0B-17B4A3B8FA79}
	EndGlobalSection
EndGlobal
